PODS:
  - Capacitor (3.1.2):
    - CapacitorCordova
  - CapacitorCordova (3.1.2)

DEPENDENCIES:
  - "Capacitor (from `../node_modules/@capacitor/ios`)"
  - "CapacitorCordova (from `../node_modules/@capacitor/ios`)"

EXTERNAL SOURCES:
  Capacitor:
    :path: "../node_modules/@capacitor/ios"
  CapacitorCordova:
    :path: "../node_modules/@capacitor/ios"

SPEC CHECKSUMS:
  Capacitor: 9d06cf7a97c4752037907979baade2f79f2800fa
  CapacitorCordova: b8e7144f5dad047965035dbed9c9855b1f0f64e8

PODFILE CHECKSUM: d908dea01cb4b1885654341d3f4274148fb6d382

COCOAPODS: 1.10.2
